
Microsoft Visual Studio Solution File, Format Version 12.00
# Visual Studio Version 17
VisualStudioVersion = 17.4.33213.308
MinimumVisualStudioVersion = 10.0.40219.1
Project("{9A19103F-16F7-4668-BE54-9A1E7A4F7556}") = "CadastroDeAlunos.Infra.Data", "src\CadastroDeAlunos.Infra.Data\CadastroDeAlunos.Infra.Data.csproj", "{BB315831-3C8D-4F3A-905C-CE0559A44D67}"
EndProject
Project("{9A19103F-16F7-4668-BE54-9A1E7A4F7556}") = "CadastroDeAlunos.Application", "src\CadastroDeAlunos.Application\CadastroDeAlunos.Application.csproj", "{24E0263D-CC0E-4E89-A189-53022D150312}"
EndProject
Project("{9A19103F-16F7-4668-BE54-9A1E7A4F7556}") = "CadastroDeAlunos.Console", "src\CadastroDeAlunos.Console\CadastroDeAlunos.Console.csproj", "{D3B62948-B3AF-4041-B608-DD537B2612EE}"
EndProject
Project("{9A19103F-16F7-4668-BE54-9A1E7A4F7556}") = "CadastroDeAlunos.Domain", "src\CadastroDeAlunos.Domain\CadastroDeAlunos.Domain.csproj", "{30CC8FA8-AB07-4357-AC13-3458568C3C15}"
EndProject
Global
	GlobalSection(SolutionConfigurationPlatforms) = preSolution
		Debug|Any CPU = Debug|Any CPU
		Release|Any CPU = Release|Any CPU
	EndGlobalSection
	GlobalSection(ProjectConfigurationPlatforms) = postSolution
		{BB315831-3C8D-4F3A-905C-CE0559A44D67}.Debug|Any CPU.ActiveCfg = Debug|Any CPU
		{BB315831-3C8D-4F3A-905C-CE0559A44D67}.Debug|Any CPU.Build.0 = Debug|Any CPU
		{BB315831-3C8D-4F3A-905C-CE0559A44D67}.Release|Any CPU.ActiveCfg = Release|Any CPU
		{BB315831-3C8D-4F3A-905C-CE0559A44D67}.Release|Any CPU.Build.0 = Release|Any CPU
		{24E0263D-CC0E-4E89-A189-53022D150312}.Debug|Any CPU.ActiveCfg = Debug|Any CPU
		{24E0263D-CC0E-4E89-A189-53022D150312}.Debug|Any CPU.Build.0 = Debug|Any CPU
		{24E0263D-CC0E-4E89-A189-53022D150312}.Release|Any CPU.ActiveCfg = Release|Any CPU
		{24E0263D-CC0E-4E89-A189-53022D150312}.Release|Any CPU.Build.0 = Release|Any CPU
		{D3B62948-B3AF-4041-B608-DD537B2612EE}.Debug|Any CPU.ActiveCfg = Debug|Any CPU
		{D3B62948-B3AF-4041-B608-DD537B2612EE}.Debug|Any CPU.Build.0 = Debug|Any CPU
		{D3B62948-B3AF-4041-B608-DD537B2612EE}.Release|Any CPU.ActiveCfg = Release|Any CPU
		{D3B62948-B3AF-4041-B608-DD537B2612EE}.Release|Any CPU.Build.0 = Release|Any CPU
		{30CC8FA8-AB07-4357-AC13-3458568C3C15}.Debug|Any CPU.ActiveCfg = Debug|Any CPU
		{30CC8FA8-AB07-4357-AC13-3458568C3C15}.Debug|Any CPU.Build.0 = Debug|Any CPU
		{30CC8FA8-AB07-4357-AC13-3458568C3C15}.Release|Any CPU.ActiveCfg = Release|Any CPU
		{30CC8FA8-AB07-4357-AC13-3458568C3C15}.Release|Any CPU.Build.0 = Release|Any CPU
	EndGlobalSection
	GlobalSection(SolutionProperties) = preSolution
		HideSolutionNode = FALSE
	EndGlobalSection
	GlobalSection(ExtensibilityGlobals) = postSolution
		SolutionGuid = {476B723A-67EC-4B42-90E9-EBF69CF701AE}
	EndGlobalSection
EndGlobal
